
Microsoft Visual Studio Solution File, Format Version 12.00
# Visual Studio Version 17
VisualStudioVersion = 17.8.34330.188
MinimumVisualStudioVersion = 10.0.40219.1
Project("{FAE04EC0-301F-11D3-BF4B-00C04F79EFBC}") = "Ecommerce.API", "Ecommerce.API\Ecommerce.API.csproj", "{CD294E76-2D2D-44E8-849B-7EA15B877D92}"
EndProject
Project("{FAE04EC0-301F-11D3-BF4B-00C04F79EFBC}") = "Ecommerce.BL", "Ecommerce.BL\Ecommerce.BL.csproj", "{CAFB1BC4-BCB6-446E-8377-2628C6BA7309}"
EndProject
Project("{FAE04EC0-301F-11D3-BF4B-00C04F79EFBC}") = "Ecommerce.DAL", "Ecommerce.DAL\Ecommerce.DAL.csproj", "{88D04F65-5D32-4F00-9382-313A599C2DCE}"
EndProject
Global
	GlobalSection(SolutionConfigurationPlatforms) = preSolution
		Debug|Any CPU = Debug|Any CPU
		Release|Any CPU = Release|Any CPU
	EndGlobalSection
	GlobalSection(ProjectConfigurationPlatforms) = postSolution
		{CD294E76-2D2D-44E8-849B-7EA15B877D92}.Debug|Any CPU.ActiveCfg = Debug|Any CPU
		{CD294E76-2D2D-44E8-849B-7EA15B877D92}.Debug|Any CPU.Build.0 = Debug|Any CPU
		{CD294E76-2D2D-44E8-849B-7EA15B877D92}.Release|Any CPU.ActiveCfg = Release|Any CPU
		{CD294E76-2D2D-44E8-849B-7EA15B877D92}.Release|Any CPU.Build.0 = Release|Any CPU
		{CAFB1BC4-BCB6-446E-8377-2628C6BA7309}.Debug|Any CPU.ActiveCfg = Debug|Any CPU
		{CAFB1BC4-BCB6-446E-8377-2628C6BA7309}.Debug|Any CPU.Build.0 = Debug|Any CPU
		{CAFB1BC4-BCB6-446E-8377-2628C6BA7309}.Release|Any CPU.ActiveCfg = Release|Any CPU
		{CAFB1BC4-BCB6-446E-8377-2628C6BA7309}.Release|Any CPU.Build.0 = Release|Any CPU
		{88D04F65-5D32-4F00-9382-313A599C2DCE}.Debug|Any CPU.ActiveCfg = Debug|Any CPU
		{88D04F65-5D32-4F00-9382-313A599C2DCE}.Debug|Any CPU.Build.0 = Debug|Any CPU
		{88D04F65-5D32-4F00-9382-313A599C2DCE}.Release|Any CPU.ActiveCfg = Release|Any CPU
		{88D04F65-5D32-4F00-9382-313A599C2DCE}.Release|Any CPU.Build.0 = Release|Any CPU
	EndGlobalSection
	GlobalSection(SolutionProperties) = preSolution
		HideSolutionNode = FALSE
	EndGlobalSection
	GlobalSection(ExtensibilityGlobals) = postSolution
		SolutionGuid = {627D7214-20F6-49AA-845F-358627E014F9}
	EndGlobalSection
EndGlobal
